
Microsoft Visual Studio Solution File, Format Version 12.00
# Visual Studio 2013
VisualStudioVersion = 12.0.30110.0
MinimumVisualStudioVersion = 10.0.40219.1
Project("{FAE04EC0-301F-11D3-BF4B-00C04F79EFBC}") = "Nancy.ViewEngines.Razor.HtmlHelpers", "Nancy.ViewEngines.Razor.HtmlHelpers\Nancy.ViewEngines.Razor.HtmlHelpers.csproj", "{7499A582-DA5A-4322-829B-50ED6BDC6845}"
EndProject
Project("{2150E333-8FDC-42A3-9474-1A3956D46DE8}") = ".nuget", ".nuget", "{3026BE37-E374-4614-988A-D87A2B62CF84}"
	ProjectSection(SolutionItems) = preProject
		.nuget\NuGet.Config = .nuget\NuGet.Config
		.nuget\NuGet.exe = .nuget\NuGet.exe
		.nuget\NuGet.targets = .nuget\NuGet.targets
	EndProjectSection
EndProject
Project("{FAE04EC0-301F-11D3-BF4B-00C04F79EFBC}") = "Nancy.ViewEngines.Razor.HtmlHelpers.TestApp", "Nancy.ViewEngines.Razor.HtmlHelpers.TestApp\Nancy.ViewEngines.Razor.HtmlHelpers.TestApp.csproj", "{31016DA2-B472-4BB1-9A0C-1D24ED2CFC8B}"
EndProject
Project("{FAE04EC0-301F-11D3-BF4B-00C04F79EFBC}") = "Nancy.ViewEngines.Razor.HtmlHelpers.Tests", "Nancy.ViewEngines.Razor.HtmlHelpers.Tests\Nancy.ViewEngines.Razor.HtmlHelpers.Tests.csproj", "{48A0481D-7D34-41C8-AFB0-3451EF7E7C0F}"
EndProject
Global
	GlobalSection(SolutionConfigurationPlatforms) = preSolution
		Debug|Any CPU = Debug|Any CPU
		Release|Any CPU = Release|Any CPU
	EndGlobalSection
	GlobalSection(ProjectConfigurationPlatforms) = postSolution
		{7499A582-DA5A-4322-829B-50ED6BDC6845}.Debug|Any CPU.ActiveCfg = Debug|Any CPU
		{7499A582-DA5A-4322-829B-50ED6BDC6845}.Debug|Any CPU.Build.0 = Debug|Any CPU
		{7499A582-DA5A-4322-829B-50ED6BDC6845}.Release|Any CPU.ActiveCfg = Release|Any CPU
		{7499A582-DA5A-4322-829B-50ED6BDC6845}.Release|Any CPU.Build.0 = Release|Any CPU
		{31016DA2-B472-4BB1-9A0C-1D24ED2CFC8B}.Debug|Any CPU.ActiveCfg = Debug|Any CPU
		{31016DA2-B472-4BB1-9A0C-1D24ED2CFC8B}.Debug|Any CPU.Build.0 = Debug|Any CPU
		{31016DA2-B472-4BB1-9A0C-1D24ED2CFC8B}.Release|Any CPU.ActiveCfg = Release|Any CPU
		{31016DA2-B472-4BB1-9A0C-1D24ED2CFC8B}.Release|Any CPU.Build.0 = Release|Any CPU
		{48A0481D-7D34-41C8-AFB0-3451EF7E7C0F}.Debug|Any CPU.ActiveCfg = Debug|Any CPU
		{48A0481D-7D34-41C8-AFB0-3451EF7E7C0F}.Debug|Any CPU.Build.0 = Debug|Any CPU
		{48A0481D-7D34-41C8-AFB0-3451EF7E7C0F}.Release|Any CPU.ActiveCfg = Release|Any CPU
		{48A0481D-7D34-41C8-AFB0-3451EF7E7C0F}.Release|Any CPU.Build.0 = Release|Any CPU
	EndGlobalSection
	GlobalSection(SolutionProperties) = preSolution
		HideSolutionNode = FALSE
	EndGlobalSection
EndGlobal
